{
  "projects": [
    {
      "projectId": "gmeH6XgPaBtkt51HunAo4g",
      "version": "18.25.0",
      "dependencies": {},
      "lang": "ts",
      "fileLocks": [
        {
          "assetId": "gmeH6XgPaBtkt51HunAo4g",
          "checksum": "b257914c183ee7b8f06149f466106930",
          "type": "projectModule"
        },
        {
          "assetId": "gmeH6XgPaBtkt51HunAo4g",
          "checksum": "7020d99f82dc916653578354f536dec2",
          "type": "styleTokensProvider"
        },
        {
          "assetId": "gmeH6XgPaBtkt51HunAo4g",
          "type": "projectCss",
          "checksum": "fd97b5780f8a68a1561c8818e6d31f40"
        }
      ],
      "codegenVersion": "0.0.1"
    },
    {
      "projectId": "enk3K4vZ6pmH6kVCoZJXGn",
      "version": "4.31.0",
      "dependencies": {},
      "lang": "ts",
      "fileLocks": [
        {
          "assetId": "enk3K4vZ6pmH6kVCoZJXGn",
          "checksum": "1eb3a10253c4049b9b92bf2126d61dbb",
          "type": "projectModule"
        },
        {
          "assetId": "enk3K4vZ6pmH6kVCoZJXGn",
          "checksum": "5a4789ffce465bc0daac4f5fa1ff9cb8",
          "type": "styleTokensProvider"
        },
        {
          "assetId": "enk3K4vZ6pmH6kVCoZJXGn",
          "type": "projectCss",
          "checksum": "1f4e5cf64d078aa6f6f714a1afc230dc"
        }
      ],
      "codegenVersion": "0.0.1"
    },
    {
      "projectId": "hjKYmYi6HMwK6TRyk7ew5R",
      "version": "6.47.0",
      "dependencies": {},
      "lang": "ts",
      "fileLocks": [
        {
          "assetId": "hjKYmYi6HMwK6TRyk7ew5R",
          "checksum": "689bfe048c805967249df4fe6b0cb88a",
          "type": "globalContexts"
        },
        {
          "assetId": "hjKYmYi6HMwK6TRyk7ew5R",
          "checksum": "1cdeaa5ec55a72854654233e68cb9294",
          "type": "projectModule"
        },
        {
          "assetId": "hjKYmYi6HMwK6TRyk7ew5R",
          "checksum": "40882292a2724d4eb530d98d1157e290",
          "type": "styleTokensProvider"
        },
        {
          "assetId": "hjKYmYi6HMwK6TRyk7ew5R",
          "type": "projectCss",
          "checksum": "c4505a3f7ad18792aabf4c914f1b6bbf"
        }
      ],
      "codegenVersion": "0.0.1"
    },
    {
      "projectId": "caTPwKxj5ZrD9LQ7DMdK4Z",
      "version": "3.45.0",
      "dependencies": {},
      "lang": "ts",
      "fileLocks": [
        {
          "assetId": "caTPwKxj5ZrD9LQ7DMdK4Z",
          "checksum": "efdcd613ac98718578f9c563cd75fd38",
          "type": "projectModule"
        },
        {
          "assetId": "caTPwKxj5ZrD9LQ7DMdK4Z",
          "checksum": "036e482ed9f047c7d061cf34e4d57231",
          "type": "styleTokensProvider"
        },
        {
          "assetId": "caTPwKxj5ZrD9LQ7DMdK4Z",
          "type": "projectCss",
          "checksum": "fd97b5780f8a68a1561c8818e6d31f40"
        }
      ],
      "codegenVersion": "0.0.1"
    },
    {
      "projectId": "seaQhLVS4bbjiGvJJrRwyL",
      "version": "15.0.3",
      "dependencies": {},
      "lang": "ts",
      "fileLocks": [
        {
          "assetId": "seaQhLVS4bbjiGvJJrRwyL",
          "checksum": "1b0f3852309384afd463838f5f5583c1",
          "type": "projectModule"
        },
        {
          "assetId": "seaQhLVS4bbjiGvJJrRwyL",
          "checksum": "e065620e4cfcd5dea53e3d1873761a38",
          "type": "styleTokensProvider"
        },
        {
          "assetId": "seaQhLVS4bbjiGvJJrRwyL",
          "type": "projectCss",
          "checksum": "1405e912da3e860fdca5efefc0c9e7ec"
        }
      ],
      "codegenVersion": "0.0.1"
    },
    {
      "projectId": "buLarKS5F8q92wwXeZGLFH",
      "version": "latest",
      "dependencies": {
        "seaQhLVS4bbjiGvJJrRwyL": "15.0.3",
        "caTPwKxj5ZrD9LQ7DMdK4Z": "3.45.0",
        "hjKYmYi6HMwK6TRyk7ew5R": "6.47.0",
        "enk3K4vZ6pmH6kVCoZJXGn": "4.31.0",
        "gmeH6XgPaBtkt51HunAo4g": "18.25.0"
      },
      "lang": "ts",
      "fileLocks": [
        {
          "type": "globalVariant",
          "assetId": "bgbUyiOIPp2W",
          "checksum": "d2bdc165d499442e029188833ce58426"
        },
        {
          "assetId": "buLarKS5F8q92wwXeZGLFH",
          "checksum": "92086d9c26c890707aba5d9d8dfa5f47",
          "type": "globalContexts"
        },
        {
          "assetId": "buLarKS5F8q92wwXeZGLFH",
          "checksum": "8519b1b4f22106f15d395c014401d00d",
          "type": "projectModule"
        },
        {
          "assetId": "buLarKS5F8q92wwXeZGLFH",
          "checksum": "65f55e9839f4bf95bb08a8dd67b15c3b",
          "type": "styleTokensProvider"
        },
        {
          "type": "renderModule",
          "assetId": "NNa_5iFrBmA-",
          "checksum": "44d5a9215ff5ba2cddbe25602288fcd5"
        },
        {
          "type": "cssRules",
          "assetId": "NNa_5iFrBmA-",
          "checksum": "44d5a9215ff5ba2cddbe25602288fcd5"
        },
        {
          "type": "renderModule",
          "assetId": "8HcwSFor26rJ",
          "checksum": "a873d618b71e674ff077890b82f86996"
        },
        {
          "type": "cssRules",
          "assetId": "8HcwSFor26rJ",
          "checksum": "a873d618b71e674ff077890b82f86996"
        },
        {
          "type": "renderModule",
          "assetId": "86B65UPoRcYg",
          "checksum": "509d53f77b2d3b65f358b2bc943c8621"
        },
        {
          "type": "cssRules",
          "assetId": "86B65UPoRcYg",
          "checksum": "509d53f77b2d3b65f358b2bc943c8621"
        },
        {
          "type": "renderModule",
          "assetId": "E_CamQzXxCls",
          "checksum": "7ea0b9669e3d2680a7122b1f9322f7aa"
        },
        {
          "type": "cssRules",
          "assetId": "E_CamQzXxCls",
          "checksum": "7ea0b9669e3d2680a7122b1f9322f7aa"
        },
        {
          "type": "renderModule",
          "assetId": "QX-ce3m5YaQ7",
          "checksum": "1f7b238c70aad6862b0f4895168999cb"
        },
        {
          "type": "cssRules",
          "assetId": "QX-ce3m5YaQ7",
          "checksum": "1f7b238c70aad6862b0f4895168999cb"
        },
        {
          "type": "renderModule",
          "assetId": "DVr6CD6Rqe8o",
          "checksum": "a3afa020ca26fe833f761f82bae6182b"
        },
        {
          "type": "cssRules",
          "assetId": "DVr6CD6Rqe8o",
          "checksum": "a3afa020ca26fe833f761f82bae6182b"
        },
        {
          "type": "renderModule",
          "assetId": "qbNWsxXPlBD0",
          "checksum": "30b590178e3f7bfb4e5455d8b4315077"
        },
        {
          "type": "cssRules",
          "assetId": "qbNWsxXPlBD0",
          "checksum": "30b590178e3f7bfb4e5455d8b4315077"
        },
        {
          "type": "renderModule",
          "assetId": "QJm3Ul6EDh_n",
          "checksum": "d1fc1b3e654fc79e21a340d714367916"
        },
        {
          "type": "cssRules",
          "assetId": "QJm3Ul6EDh_n",
          "checksum": "d1fc1b3e654fc79e21a340d714367916"
        },
        {
          "type": "renderModule",
          "assetId": "zcVRhvjmKros",
          "checksum": "f50be400914feef27be8fe07e947565a"
        },
        {
          "type": "cssRules",
          "assetId": "zcVRhvjmKros",
          "checksum": "f50be400914feef27be8fe07e947565a"
        },
        {
          "type": "renderModule",
          "assetId": "Q4GbpJs1b6iI",
          "checksum": "d16a649c5b5168d73ef2673bab05e0c5"
        },
        {
          "type": "cssRules",
          "assetId": "Q4GbpJs1b6iI",
          "checksum": "d16a649c5b5168d73ef2673bab05e0c5"
        },
        {
          "type": "renderModule",
          "assetId": "4aSIklxX3VO3",
          "checksum": "eba2b3215b6ef65eacd74ee4d7848799"
        },
        {
          "type": "cssRules",
          "assetId": "4aSIklxX3VO3",
          "checksum": "eba2b3215b6ef65eacd74ee4d7848799"
        },
        {
          "type": "renderModule",
          "assetId": "67H5HTb-YeSO",
          "checksum": "f635e2a0b65e85dcbdf07ede7ccdee8d"
        },
        {
          "type": "cssRules",
          "assetId": "67H5HTb-YeSO",
          "checksum": "f635e2a0b65e85dcbdf07ede7ccdee8d"
        },
        {
          "type": "renderModule",
          "assetId": "jt7bkZDUbf6B",
          "checksum": "5f39fc75b7f7e3e7808eb4d3a2fc91c2"
        },
        {
          "type": "cssRules",
          "assetId": "jt7bkZDUbf6B",
          "checksum": "5f39fc75b7f7e3e7808eb4d3a2fc91c2"
        },
        {
          "type": "renderModule",
          "assetId": "ZfqLFHe6bEpe",
          "checksum": "79dce03d1e279ca41d80dcece241be58"
        },
        {
          "type": "cssRules",
          "assetId": "ZfqLFHe6bEpe",
          "checksum": "79dce03d1e279ca41d80dcece241be58"
        },
        {
          "type": "renderModule",
          "assetId": "QX58X5UGGXHk",
          "checksum": "1bd5e6443d39e3cc4a8dc05ff9f627f4"
        },
        {
          "type": "cssRules",
          "assetId": "QX58X5UGGXHk",
          "checksum": "1bd5e6443d39e3cc4a8dc05ff9f627f4"
        },
        {
          "type": "renderModule",
          "assetId": "tgG9Fw76NvQO",
          "checksum": "b187512c2bfdf972642f8a160590d78e"
        },
        {
          "type": "cssRules",
          "assetId": "tgG9Fw76NvQO",
          "checksum": "b187512c2bfdf972642f8a160590d78e"
        },
        {
          "type": "renderModule",
          "assetId": "vf6-EQbRUmdL",
          "checksum": "8781fad0ee3000f1699714ed1e5cf579"
        },
        {
          "type": "cssRules",
          "assetId": "vf6-EQbRUmdL",
          "checksum": "8781fad0ee3000f1699714ed1e5cf579"
        },
        {
          "type": "renderModule",
          "assetId": "yBhMaYUFpYuo",
          "checksum": "c4c7796848fc32e7d321366aeeba482c"
        },
        {
          "type": "cssRules",
          "assetId": "yBhMaYUFpYuo",
          "checksum": "c4c7796848fc32e7d321366aeeba482c"
        },
        {
          "type": "renderModule",
          "assetId": "fweFoRIjeuAZ",
          "checksum": "b09bfccf1311580cdfbd7488e1244118"
        },
        {
          "type": "cssRules",
          "assetId": "fweFoRIjeuAZ",
          "checksum": "b09bfccf1311580cdfbd7488e1244118"
        },
        {
          "type": "icon",
          "assetId": "Pkx2nxQz55i9",
          "checksum": "eaac2fc172d438a89e4219a0b455e0f9"
        },
        {
          "type": "icon",
          "assetId": "-cJUL28UFXax",
          "checksum": "e113a9b50db739d396b1a0c2f5c23b1c"
        },
        {
          "type": "icon",
          "assetId": "EiHW1d8EHNnj",
          "checksum": "aba52a4b5668a45adfc4abadbc7fba04"
        },
        {
          "type": "icon",
          "assetId": "y6GDhHfmXzyW",
          "checksum": "ea39733d364446700896eff035c6e4c1"
        },
        {
          "type": "icon",
          "assetId": "LfnjbCk1OUdz",
          "checksum": "9b228d3cf96083a1bb2bec4813ba4223"
        },
        {
          "type": "icon",
          "assetId": "c_u_0xdBtnyN",
          "checksum": "12d06b67ea6b9b08ee545dc3063b4454"
        },
        {
          "type": "icon",
          "assetId": "Iidl8UBjgVJa",
          "checksum": "a78f2e57f79885c0b73cf36f82f9b874"
        },
        {
          "type": "icon",
          "assetId": "qo69KJuXcD5l",
          "checksum": "5e2346705511da5e2b1617d7dba37078"
        },
        {
          "type": "icon",
          "assetId": "INXCpBgsreKP",
          "checksum": "e1686d17b79fcefa1c181679ebea1924"
        },
        {
          "type": "icon",
          "assetId": "M9Mt_BIe60Fb",
          "checksum": "a0c5de82a5b4d654c050cd501bb73e74"
        },
        {
          "type": "icon",
          "assetId": "YmEDXFW0x3kO",
          "checksum": "1b0e209f40304f21815d477488cbef67"
        },
        {
          "type": "icon",
          "assetId": "gLsrT-r8pbb0",
          "checksum": "1444a6627b5355037ae2b7569b2a6fbb"
        },
        {
          "type": "icon",
          "assetId": "fOfp-aTEjdO5",
          "checksum": "1be68c54fde0c979626c98cf195febba"
        },
        {
          "type": "icon",
          "assetId": "lDgfUd_U5Hv_",
          "checksum": "c172f5a8fd64d80ac2419a2e0f091120"
        },
        {
          "type": "icon",
          "assetId": "yD5gtPxjdJPe",
          "checksum": "6023c7490a6aaccf72fd5481a64d0b1f"
        },
        {
          "type": "icon",
          "assetId": "OTOHNNoBKomf",
          "checksum": "fa2fe4f0b9f62e943e22cb4781e3a132"
        },
        {
          "type": "icon",
          "assetId": "X6MhnAITuK68",
          "checksum": "db6f856a0ba546c86128b9d2e5cc837e"
        },
        {
          "type": "icon",
          "assetId": "ZKwKXAhF2J92",
          "checksum": "f115727562efec946204c9b4231cb519"
        },
        {
          "type": "icon",
          "assetId": "B-ekN6xuG5wB",
          "checksum": "4befd64ccba26aab8fab5d8c0dcd87b6"
        },
        {
          "type": "icon",
          "assetId": "lixlknSZBfpH",
          "checksum": "511272b9d0b7feab1e25f21d3b9d6aaa"
        },
        {
          "type": "icon",
          "assetId": "tipwXQCWEsbd",
          "checksum": "f90a36330507584650e35f12d2e57234"
        },
        {
          "type": "icon",
          "assetId": "oc49-m1kplya",
          "checksum": "52e2dcb3a29e9b4bbb40e2433917657f"
        },
        {
          "type": "icon",
          "assetId": "QOfdnAILe2bt",
          "checksum": "63d688be17f33324bc955385356768a9"
        },
        {
          "type": "icon",
          "assetId": "oD3Jugh7tI22",
          "checksum": "a69b71228af3279244b61937a5ca2867"
        },
        {
          "type": "icon",
          "assetId": "vlcuhumhBnRi",
          "checksum": "19528dad3f5bf90658b651c8e6b4e563"
        },
        {
          "type": "icon",
          "assetId": "ZNonLQPDz_Kq",
          "checksum": "f767c590d5598071efd85532c3c0c1eb"
        },
        {
          "type": "icon",
          "assetId": "V-l3Hcayhde2",
          "checksum": "609435ce45edce0598c85282c62baa2a"
        },
        {
          "type": "icon",
          "assetId": "4uSf7seaeB5_",
          "checksum": "1b04fd53f9f0763cb435a31bc5d2d16c"
        },
        {
          "type": "icon",
          "assetId": "YIMV-R5albbd",
          "checksum": "59f7962e275ee453be669bf9df5c4da6"
        },
        {
          "type": "icon",
          "assetId": "P0KVJMn04eqB",
          "checksum": "c9485e62bd01db2e4e08ee75c5a41d43"
        },
        {
          "type": "icon",
          "assetId": "ZKYs-OGmvZS6",
          "checksum": "93b285a8649e1bff1ab2f429d41387db"
        },
        {
          "type": "icon",
          "assetId": "BBx1XSheLP80",
          "checksum": "170c40b765e2b9461ab3bb1c50d4118d"
        },
        {
          "type": "icon",
          "assetId": "A5Jkv6D1raNC",
          "checksum": "932267176fd27a7a7a23ba7995bb3b9d"
        },
        {
          "type": "icon",
          "assetId": "VjJuArAbReif",
          "checksum": "cbee983b4a594654407f2b3181ef4508"
        },
        {
          "type": "icon",
          "assetId": "xL_V9zEk_qDr",
          "checksum": "18ec14e938472862e74129b70cd172ad"
        },
        {
          "type": "icon",
          "assetId": "MTEjmB_Y1W2B",
          "checksum": "1e2c4f9d67d53a36ed44d4a11c89f8f8"
        },
        {
          "type": "icon",
          "assetId": "UUDCqHCnKdCM",
          "checksum": "639a8b1ce7cb8c4373ddff0ec17125b5"
        },
        {
          "type": "icon",
          "assetId": "Da5sb2naWE-g",
          "checksum": "7e784f2f98c4f2ce47700315ff63e9d8"
        },
        {
          "type": "icon",
          "assetId": "WrRVDilWSYhF",
          "checksum": "cc1d56a2f24cbba1a7878c71d2ba00c0"
        },
        {
          "type": "icon",
          "assetId": "8iCcbNQFSzwk",
          "checksum": "380b12db4a2d0f6074c4661202ba4cea"
        },
        {
          "type": "image",
          "assetId": "JueIpQXKd4mV",
          "checksum": "8ec4c25f79d0ebe390ce5a413f1262f8"
        },
        {
          "type": "image",
          "assetId": "FU53-1r64NFr",
          "checksum": "20d3b377e29778d3204ad6945d66c6a0"
        },
        {
          "type": "image",
          "assetId": "uU4eC5o_2ocb",
          "checksum": "708d64db2d21dc3e48426a90caf92875"
        },
        {
          "type": "image",
          "assetId": "gKaaRN1VWMqB",
          "checksum": "630ad3b9c6d9b4ada74edd4c825ae6f3"
        },
        {
          "type": "image",
          "assetId": "20b-t3YL25YS",
          "checksum": "7988ef9bc865a2de78342f544e9038ea"
        },
        {
          "type": "image",
          "assetId": "8o5WD11SHBo3",
          "checksum": "3195e66e50cdab8e5d276ac3edce9917"
        },
        {
          "type": "image",
          "assetId": "5jL8E6GqWm3u",
          "checksum": "99549b05c2b1d6088f861a354ad4acf2"
        },
        {
          "type": "image",
          "assetId": "ZHTcMW-MM2i8",
          "checksum": "80518736737cff385b7e386a9a8c72a7"
        },
        {
          "type": "image",
          "assetId": "YruxmbUwxU1m",
          "checksum": "d875dde015defb92413127ecb013b043"
        },
        {
          "type": "image",
          "assetId": "bMLyr3ibyaSn",
          "checksum": "7047285540217ae0f52982d7f87a32f7"
        },
        {
          "type": "image",
          "assetId": "mxxYpvjbT34n",
          "checksum": "422b56d6b783e762ed66f89a963892af"
        },
        {
          "type": "image",
          "assetId": "-UGBSUsSh8tD",
          "checksum": "58fcdbc3ed4216454e58a42f0fff92f7"
        },
        {
          "type": "image",
          "assetId": "qAfAW_K-CJr8",
          "checksum": "90bdbdbdeb0aac2765676a5a0871a372"
        },
        {
          "type": "image",
          "assetId": "dtHldY7aNHK4",
          "checksum": "439b84551f89fb3fb8b11f20fdecaba9"
        },
        {
          "type": "image",
          "assetId": "M-uIM0XNQrHy",
          "checksum": "037b6012c4258786be3a9cb68ebe830e"
        },
        {
          "type": "image",
          "assetId": "Ri_5yzJXHD4E",
          "checksum": "48fbde46c66ef973f758600aaf01b577"
        },
        {
          "type": "image",
          "assetId": "vR7szOXIWZno",
          "checksum": "6aa71767569c9e0e93a580eba97825f7"
        },
        {
          "type": "image",
          "assetId": "9MmLfedGreWJ",
          "checksum": "21f635a346161d5cbd454f4f444d43ee"
        },
        {
          "type": "image",
          "assetId": "BHS2GWtRMQPN",
          "checksum": "9dfc88231e0d63b7ee8115dd305f3e1e"
        },
        {
          "type": "image",
          "assetId": "IT_zVg5QSVcf",
          "checksum": "23d9d2158c21f2149bf03cc167bfbab5"
        },
        {
          "type": "image",
          "assetId": "jomDqh1Rk-U4",
          "checksum": "b204fea2ad1022abb99610c9e4039f26"
        },
        {
          "type": "image",
          "assetId": "xO2XuI0movpg",
          "checksum": "15d858b1cf0fecb6458fb0b5dd0bdf93"
        },
        {
          "type": "image",
          "assetId": "dKHok1DGmvIY",
          "checksum": "4461edb8705119f7c85c36ec2524f48e"
        },
        {
          "type": "image",
          "assetId": "MC64wvm5Z0Vh",
          "checksum": "5de75f9e5e884f720bf680dcdfa9e2d7"
        },
        {
          "type": "image",
          "assetId": "MlUtZ9V-4T4N",
          "checksum": "a94a86b3683db6799b72a891e436969d"
        },
        {
          "type": "image",
          "assetId": "Z9D2V2ZQ80fe",
          "checksum": "d14807ffe221d2c2cece408dfbcc40ff"
        },
        {
          "type": "image",
          "assetId": "fo595PLgq1W8",
          "checksum": "5e57cbeab9749b1c3ee439b5eff6bc0d"
        },
        {
          "type": "image",
          "assetId": "4CgzgrGD-Jiv",
          "checksum": "fa706276fb4d8ae0ddc25487f1b7b2e0"
        },
        {
          "type": "image",
          "assetId": "m5xVchh1Qfjn",
          "checksum": "4e3dca78b7fb773e95c1aeae2f15316a"
        },
        {
          "type": "image",
          "assetId": "lM7DPQMzR6kw",
          "checksum": "380ad9e7a6e1b9052397d540488a21d7"
        },
        {
          "type": "image",
          "assetId": "zRCcnsvaFq9l",
          "checksum": "0e8feaf7d833e221d82140cbb7a5f30d"
        },
        {
          "type": "image",
          "assetId": "aHaZ1qeb4lM0",
          "checksum": "90fa772c4ce76bc588a238af942cba78"
        },
        {
          "type": "image",
          "assetId": "Bmwpg-jgqx87",
          "checksum": "a57b4b7e66b0254164699bc86cca83b7"
        },
        {
          "type": "image",
          "assetId": "lkF0fL99FAbO",
          "checksum": "a84fa0818380ea96a9477c59ab8d64cc"
        },
        {
          "type": "renderModule",
          "assetId": "Mv-cfv8ZHFpH",
          "checksum": "4658430cc90d2230fa5dafee9d28fc00"
        },
        {
          "type": "cssRules",
          "assetId": "Mv-cfv8ZHFpH",
          "checksum": "4658430cc90d2230fa5dafee9d28fc00"
        },
        {
          "type": "renderModule",
          "assetId": "HOuiAaxrfFr_",
          "checksum": "f68c2f7f79e0e9182e60cb5d0ebf519c"
        },
        {
          "type": "cssRules",
          "assetId": "HOuiAaxrfFr_",
          "checksum": "f68c2f7f79e0e9182e60cb5d0ebf519c"
        },
        {
          "type": "renderModule",
          "assetId": "GGu3w-X8de3u",
          "checksum": "9136f9dc4a9bc2fe99c4a68b4fd7ca9c"
        },
        {
          "type": "cssRules",
          "assetId": "GGu3w-X8de3u",
          "checksum": "9136f9dc4a9bc2fe99c4a68b4fd7ca9c"
        },
        {
          "type": "renderModule",
          "assetId": "1Rs1l7zr4yPu",
          "checksum": "1033f6de5e64e9a2d368f5d7fdc86838"
        },
        {
          "type": "cssRules",
          "assetId": "1Rs1l7zr4yPu",
          "checksum": "1033f6de5e64e9a2d368f5d7fdc86838"
        },
        {
          "type": "renderModule",
          "assetId": "Dd2t5yh47NN2",
          "checksum": "0bfbbb311551833a491a85c31f42de3b"
        },
        {
          "type": "cssRules",
          "assetId": "Dd2t5yh47NN2",
          "checksum": "0bfbbb311551833a491a85c31f42de3b"
        },
        {
          "type": "renderModule",
          "assetId": "R_nijpoBPDhQ",
          "checksum": "417f711b138481b7881a8281d99bd7ad"
        },
        {
          "type": "cssRules",
          "assetId": "R_nijpoBPDhQ",
          "checksum": "417f711b138481b7881a8281d99bd7ad"
        },
        {
          "type": "renderModule",
          "assetId": "mEbWDJNOPQTG",
          "checksum": "62e949b435541010cbba9dfbdc0e380b"
        },
        {
          "type": "cssRules",
          "assetId": "mEbWDJNOPQTG",
          "checksum": "62e949b435541010cbba9dfbdc0e380b"
        },
        {
          "type": "renderModule",
          "assetId": "zZwKqXzF3N9z",
          "checksum": "3f25ade024e1b553cf7cd70019def217"
        },
        {
          "type": "cssRules",
          "assetId": "zZwKqXzF3N9z",
          "checksum": "3f25ade024e1b553cf7cd70019def217"
        },
        {
          "type": "renderModule",
          "assetId": "Jg04kMN2oI6e",
          "checksum": "a3a672e0eb10bd654fad86e22c491fa7"
        },
        {
          "type": "cssRules",
          "assetId": "Jg04kMN2oI6e",
          "checksum": "a3a672e0eb10bd654fad86e22c491fa7"
        },
        {
          "type": "renderModule",
          "assetId": "aqZdogGJdlBv",
          "checksum": "d9f7673d3cf24ad0fdf51b2de640669c"
        },
        {
          "type": "cssRules",
          "assetId": "aqZdogGJdlBv",
          "checksum": "d9f7673d3cf24ad0fdf51b2de640669c"
        },
        {
          "type": "renderModule",
          "assetId": "uqspKMX-qg-6",
          "checksum": "aef0a3605ce77d4df9ab16b184d6bb95"
        },
        {
          "type": "cssRules",
          "assetId": "uqspKMX-qg-6",
          "checksum": "aef0a3605ce77d4df9ab16b184d6bb95"
        },
        {
          "type": "renderModule",
          "assetId": "xRrmL2WQv35m",
          "checksum": "18537085face39fc558b61a1979bb17d"
        },
        {
          "type": "cssRules",
          "assetId": "xRrmL2WQv35m",
          "checksum": "18537085face39fc558b61a1979bb17d"
        },
        {
          "type": "renderModule",
          "assetId": "zVqM5LHvNn1j",
          "checksum": "ecae2c16297d349e7ad35d12f208d39e"
        },
        {
          "type": "cssRules",
          "assetId": "zVqM5LHvNn1j",
          "checksum": "ecae2c16297d349e7ad35d12f208d39e"
        },
        {
          "type": "renderModule",
          "assetId": "bsb7KzqnDfzt",
          "checksum": "5d706f7889bbd0e8f24fddd7ade4729d"
        },
        {
          "type": "cssRules",
          "assetId": "bsb7KzqnDfzt",
          "checksum": "5d706f7889bbd0e8f24fddd7ade4729d"
        },
        {
          "type": "icon",
          "assetId": "wiVwMU4seRGB",
          "checksum": "3ecff170da022a8188c85420f3cbf3ff"
        },
        {
          "type": "icon",
          "assetId": "GwHpdZZBlhgB",
          "checksum": "1b3cffadb5588460ac6836950917ec5f"
        },
        {
          "type": "image",
          "assetId": "VJatr9xbW_or",
          "checksum": "9a704efc103b1941816feb34e347de50"
        },
        {
          "type": "image",
          "assetId": "XJK6DiWYV79M",
          "checksum": "667fd6ab8807a5a483d34d1e4ac0dc07"
        },
        {
          "type": "image",
          "assetId": "M9eM7UDj7V2K",
          "checksum": "34fb46ecedfa284901e420baba2f1fcc"
        },
        {
          "assetId": "buLarKS5F8q92wwXeZGLFH",
          "type": "projectCss",
          "checksum": "bbed328950fdc10f2c1975e1848adf16"
        }
      ],
      "codegenVersion": "0.0.1"
    }
  ],
  "cliVersion": "0.1.342"
}
